// !$*UTF8*$!
{
	archiveVersion = 1;
	classes = {
	};
	objectVersion = 50;
	objects = {

/* Begin PBXBuildFile section */
		55614D6D24A522170041EA26 /* AppDelegate.swift in Sources */ = {isa = PBXBuildFile; fileRef = 55614D6C24A522170041EA26 /* AppDelegate.swift */; };
		55614D6F24A522170041EA26 /* SceneDelegate.swift in Sources */ = {isa = PBXBuildFile; fileRef = 55614D6E24A522170041EA26 /* SceneDelegate.swift */; };
		55614D7124A522170041EA26 /* SetCardGameView.swift in Sources */ = {isa = PBXBuildFile; fileRef = 55614D7024A522170041EA26 /* SetCardGameView.swift */; };
		55614D7324A522180041EA26 /* Assets.xcassets in Resources */ = {isa = PBXBuildFile; fileRef = 55614D7224A522180041EA26 /* Assets.xcassets */; };
		55614D7624A522180041EA26 /* Preview Assets.xcassets in Resources */ = {isa = PBXBuildFile; fileRef = 55614D7524A522180041EA26 /* Preview Assets.xcassets */; };
		55614D7924A522180041EA26 /* LaunchScreen.storyboard in Resources */ = {isa = PBXBuildFile; fileRef = 55614D7724A522180041EA26 /* LaunchScreen.storyboard */; };
		55614D8324A557D30041EA26 /* SetGame.swift in Sources */ = {isa = PBXBuildFile; fileRef = 55614D8224A557D30041EA26 /* SetGame.swift */; };
		55C007C124A57CAE00820D03 /* GridLayout.swift in Sources */ = {isa = PBXBuildFile; fileRef = 55C007C024A57CAE00820D03 /* GridLayout.swift */; };
		55C007C324A57D1600820D03 /* Grid.swift in Sources */ = {isa = PBXBuildFile; fileRef = 55C007C224A57D1600820D03 /* Grid.swift */; };
		55C007C524A57EE900820D03 /* SetGameViewModel.swift in Sources */ = {isa = PBXBuildFile; fileRef = 55C007C424A57EE900820D03 /* SetGameViewModel.swift */; };
		55C007C724A638DE00820D03 /* SetCardShapes.swift in Sources */ = {isa = PBXBuildFile; fileRef = 55C007C624A638DE00820D03 /* SetCardShapes.swift */; };
		55C9F16424B61E7500854C02 /* Cardify.swift in Sources */ = {isa = PBXBuildFile; fileRef = 55C9F16324B61E7500854C02 /* Cardify.swift */; };
/* End PBXBuildFile section */

/* Begin PBXFileReference section */
		55614D6924A522170041EA26 /* SetCardGame.app */ = {isa = PBXFileReference; explicitFileType = wrapper.application; includeInIndex = 0; path = SetCardGame.app; sourceTree = BUILT_PRODUCTS_DIR; };
		55614D6C24A522170041EA26 /* AppDelegate.swift */ = {isa = PBXFileReference; lastKnownFileType = sourcecode.swift; path = AppDelegate.swift; sourceTree = "<group>"; };
		55614D6E24A522170041EA26 /* SceneDelegate.swift */ = {isa = PBXFileReference; lastKnownFileType = sourcecode.swift; path = SceneDelegate.swift; sourceTree = "<group>"; };
		55614D7024A522170041EA26 /* SetCardGameView.swift */ = {isa = PBXFileReference; lastKnownFileType = sourcecode.swift; path = SetCardGameView.swift; sourceTree = "<group>"; };
		55614D7224A522180041EA26 /* Assets.xcassets */ = {isa = PBXFileReference; lastKnownFileType = folder.assetcatalog; path = Assets.xcassets; sourceTree = "<group>"; };
		55614D7524A522180041EA26 /* Preview Assets.xcassets */ = {isa = PBXFileReference; lastKnownFileType = folder.assetcatalog; path = "Preview Assets.xcassets"; sourceTree = "<group>"; };
		55614D7824A522180041EA26 /* Base */ = {isa = PBXFileReference; lastKnownFileType = file.storyboard; name = Base; path = Base.lproj/LaunchScreen.storyboard; sourceTree = "<group>"; };
		55614D7A24A522180041EA26 /* Info.plist */ = {isa = PBXFileReference; lastKnownFileType = text.plist.xml; path = Info.plist; sourceTree = "<group>"; };
		55614D8224A557D30041EA26 /* SetGame.swift */ = {isa = PBXFileReference; lastKnownFileType = sourcecode.swift; path = SetGame.swift; sourceTree = "<group>"; };
		55C007C024A57CAE00820D03 /* GridLayout.swift */ = {isa = PBXFileReference; lastKnownFileType = sourcecode.swift; path = GridLayout.swift; sourceTree = "<group>"; };
		55C007C224A57D1600820D03 /* Grid.swift */ = {isa = PBXFileReference; lastKnownFileType = sourcecode.swift; path = Grid.swift; sourceTree = "<group>"; };
		55C007C424A57EE900820D03 /* SetGameViewModel.swift */ = {isa = PBXFileReference; lastKnownFileType = sourcecode.swift; path = SetGameViewModel.swift; sourceTree = "<group>"; };
		55C007C624A638DE00820D03 /* SetCardShapes.swift */ = {isa = PBXFileReference; lastKnownFileType = sourcecode.swift; path = SetCardShapes.swift; sourceTree = "<group>"; };
		55C9F16324B61E7500854C02 /* Cardify.swift */ = {isa = PBXFileReference; lastKnownFileType = sourcecode.swift; path = Cardify.swift; sourceTree = "<group>"; };
/* End PBXFileReference section */

/* Begin PBXFrameworksBuildPhase section */
		55614D6624A522170041EA26 /* Frameworks */ = {
			isa = PBXFrameworksBuildPhase;
			buildActionMask = 2147483647;
			files = (
			);
			runOnlyForDeploymentPostprocessing = 0;
		};
/* End PBXFrameworksBuildPhase section */

/* Begin PBXGroup section */
		55614D6024A522170041EA26 = {
			isa = PBXGroup;
			children = (
				55614D6B24A522170041EA26 /* SetCardGame */,
				55614D6A24A522170041EA26 /* Products */,
			);
			sourceTree = "<group>";
		};
		55614D6A24A522170041EA26 /* Products */ = {
			isa = PBXGroup;
			children = (
				55614D6924A522170041EA26 /* SetCardGame.app */,
			);
			name = Products;
			sourceTree = "<group>";
		};
		55614D6B24A522170041EA26 /* SetCardGame */ = {
			isa = PBXGroup;
			children = (
				55C007C624A638DE00820D03 /* SetCardShapes.swift */,
				55614D6C24A522170041EA26 /* AppDelegate.swift */,
				55614D6E24A522170041EA26 /* SceneDelegate.swift */,
				55614D7024A522170041EA26 /* SetCardGameView.swift */,
				55C9F16324B61E7500854C02 /* Cardify.swift */,
				55C007C424A57EE900820D03 /* SetGameViewModel.swift */,
				55614D8224A557D30041EA26 /* SetGame.swift */,
				55C007C024A57CAE00820D03 /* GridLayout.swift */,
				55C007C224A57D1600820D03 /* Grid.swift */,
				55614D7224A522180041EA26 /* Assets.xcassets */,
				55614D7724A522180041EA26 /* LaunchScreen.storyboard */,
				55614D7A24A522180041EA26 /* Info.plist */,
				55614D7424A522180041EA26 /* Preview Content */,
			);
			path = SetCardGame;
			sourceTree = "<group>";
		};
		55614D7424A522180041EA26 /* Preview Content */ = {
			isa = PBXGroup;
			children = (
				55614D7524A522180041EA26 /* Preview Assets.xcassets */,
			);
			path = "Preview Content";
			sourceTree = "<group>";
		};
/* End PBXGroup section */

/* Begin PBXNativeTarget section */
		55614D6824A522170041EA26 /* SetCardGame */ = {
			isa = PBXNativeTarget;
			buildConfigurationList = 55614D7D24A522180041EA26 /* Build configuration list for PBXNativeTarget "SetCardGame" */;
			buildPhases = (
				55614D6524A522170041EA26 /* Sources */,
				55614D6624A522170041EA26 /* Frameworks */,
				55614D6724A522170041EA26 /* Resources */,
			);
			buildRules = (
			);
			dependencies = (
			);
			name = SetCardGame;
			productName = SetCardGame;
			productReference = 55614D6924A522170041EA26 /* SetCardGame.app */;
			productType = "com.apple.product-type.application";
		};
/* End PBXNativeTarget section */

/* Begin PBXProject section */
		55614D6124A522170041EA26 /* Project object */ = {
			isa = PBXProject;
			attributes = {
				LastSwiftUpdateCheck = 1150;
				LastUpgradeCheck = 1150;
				ORGANIZATIONNAME = "Richard Walters";
				TargetAttributes = {
					55614D6824A522170041EA26 = {
						CreatedOnToolsVersion = 11.5;
					};
				};
			};
			buildConfigurationList = 55614D6424A522170041EA26 /* Build configuration list for PBXProject "SetCardGame" */;
			compatibilityVersion = "Xcode 9.3";
			developmentRegion = en;
			hasScannedForEncodings = 0;
			knownRegions = (
				en,
				Base,
			);
			mainGroup = 55614D6024A522170041EA26;
			productRefGroup = 55614D6A24A522170041EA26 /* Products */;
			projectDirPath = "";
			projectRoot = "";
			targets = (
				55614D6824A522170041EA26 /* SetCardGame */,
			);
		};
/* End PBXProject section */

/* Begin PBXResourcesBuildPhase section */
		55614D6724A522170041EA26 /* Resources */ = {
			isa = PBXResourcesBuildPhase;
			buildActionMask = 2147483647;
			files = (
				55614D7924A522180041EA26 /* LaunchScreen.storyboard in Resources */,
				55614D7624A522180041EA26 /* Preview Assets.xcassets in Resources */,
				55614D7324A522180041EA26 /* Assets.xcassets in Resources */,
			);
			runOnlyForDeploymentPostprocessing = 0;
		};
/* End PBXResourcesBuildPhase section */

/* Begin PBXSourcesBuildPhase section */
		55614D6524A522170041EA26 /* Sources */ = {
			isa = PBXSourcesBuildPhase;
			buildActionMask = 2147483647;
			files = (
				55C007C724A638DE00820D03 /* SetCardShapes.swift in Sources */,
				55614D6D24A522170041EA26 /* AppDelegate.swift in Sources */,
				55614D8324A557D30041EA26 /* SetGame.swift in Sources */,
				55C9F16424B61E7500854C02 /* Cardify.swift in Sources */,
				55C007C524A57EE900820D03 /* SetGameViewModel.swift in Sources */,
				55C007C124A57CAE00820D03 /* GridLayout.swift in Sources */,
				55614D6F24A522170041EA26 /* SceneDelegate.swift in Sources */,
				55C007C324A57D1600820D03 /* Grid.swift in Sources */,
				55614D7124A522170041EA26 /* SetCardGameView.swift in Sources */,
			);
			runOnlyForDeploymentPostprocessing = 0;
		};
/* End PBXSourcesBuildPhase section */

/* Begin PBXVariantGroup section */
		55614D7724A522180041EA26 /* LaunchScreen.storyboard */ = {
			isa = PBXVariantGroup;
			children = (
				55614D7824A522180041EA26 /* Base */,
			);
			name = LaunchScreen.storyboard;
			sourceTree = "<group>";
		};
/* End PBXVariantGroup section */

/* Begin XCBuildConfiguration section */
		55614D7B24A522180041EA26 /* Debug */ = {
			isa = XCBuildConfiguration;
			buildSettings = {
				ALWAYS_SEARCH_USER_PATHS = NO;
				CLANG_ANALYZER_NONNULL = YES;
				CLANG_ANALYZER_NUMBER_OBJECT_CONVERSION = YES_AGGRESSIVE;
				CLANG_CXX_LANGUAGE_STANDARD = "gnu++14";
				CLANG_CXX_LIBRARY = "libc++";
				CLANG_ENABLE_MODULES = YES;
				CLANG_ENABLE_OBJC_ARC = YES;
				CLANG_ENABLE_OBJC_WEAK = YES;
				CLANG_WARN_BLOCK_CAPTURE_AUTORELEASING = YES;
				CLANG_WARN_BOOL_CONVERSION = YES;
				CLANG_WARN_COMMA = YES;
				CLANG_WARN_CONSTANT_CONVERSION = YES;
				CLANG_WARN_DEPRECATED_OBJC_IMPLEMENTATIONS = YES;
				CLANG_WARN_DIRECT_OBJC_ISA_USAGE = YES_ERROR;
				CLANG_WARN_DOCUMENTATION_COMMENTS = YES;
				CLANG_WARN_EMPTY_BODY = YES;
				CLANG_WARN_ENUM_CONVERSION = YES;
				CLANG_WARN_INFINITE_RECURSION = YES;
				CLANG_WARN_INT_CONVERSION = YES;
				CLANG_WARN_NON_LITERAL_NULL_CONVERSION = YES;
				CLANG_WARN_OBJC_IMPLICIT_RETAIN_SELF = YES;
				CLANG_WARN_OBJC_LITERAL_CONVERSION = YES;
				CLANG_WARN_OBJC_ROOT_CLASS = YES_ERROR;
				CLANG_WARN_RANGE_LOOP_ANALYSIS = YES;
				CLANG_WARN_STRICT_PROTOTYPES = YES;
				CLANG_WARN_SUSPICIOUS_MOVE = YES;
				CLANG_WARN_UNGUARDED_AVAILABILITY = YES_AGGRESSIVE;
				CLANG_WARN_UNREACHABLE_CODE = YES;
				CLANG_WARN__DUPLICATE_METHOD_MATCH = YES;
				COPY_PHASE_STRIP = NO;
				DEBUG_INFORMATION_FORMAT = dwarf;
				ENABLE_STRICT_OBJC_MSGSEND = YES;
				ENABLE_TESTABILITY = YES;
				GCC_C_LANGUAGE_STANDARD = gnu11;
				GCC_DYNAMIC_NO_PIC = NO;
				GCC_NO_COMMON_BLOCKS = YES;
				GCC_OPTIMIZATION_LEVEL = 0;
				GCC_PREPROCESSOR_DEFINITIONS = (
					"DEBUG=1",
					"$(inherited)",
				);
				GCC_WARN_64_TO_32_BIT_CONVERSION = YES;
				GCC_WARN_ABOUT_RETURN_TYPE = YES_ERROR;
				GCC_WARN_UNDECLARED_SELECTOR = YES;
				GCC_WARN_UNINITIALIZED_AUTOS = YES_AGGRESSIVE;
				GCC_WARN_UNUSED_FUNCTION = YES;
				GCC_WARN_UNUSED_VARIABLE = YES;
				IPHONEOS_DEPLOYMENT_TARGET = 13.5;
				MTL_ENABLE_DEBUG_INFO = INCLUDE_SOURCE;
				MTL_FAST_MATH = YES;
				ONLY_ACTIVE_ARCH = YES;
				SDKROOT = iphoneos;
				SWIFT_ACTIVE_COMPILATION_CONDITIONS = DEBUG;
				SWIFT_OPTIMIZATION_LEVEL = "-Onone";
			};
			name = Debug;
		};
		55614D7C24A522180041EA26 /* Release */ = {
			isa = XCBuildConfiguration;
			buildSettings = {
				ALWAYS_SEARCH_USER_PATHS = NO;
				CLANG_ANALYZER_NONNULL = YES;
				CLANG_ANALYZER_NUMBER_OBJECT_CONVERSION = YES_AGGRESSIVE;
				CLANG_CXX_LANGUAGE_STANDARD = "gnu++14";
				CLANG_CXX_LIBRARY = "libc++";
				CLANG_ENABLE_MODULES = YES;
				CLANG_ENABLE_OBJC_ARC = YES;
				CLANG_ENABLE_OBJC_WEAK = YES;
				CLANG_WARN_BLOCK_CAPTURE_AUTORELEASING = YES;
				CLANG_WARN_BOOL_CONVERSION = YES;
				CLANG_WARN_COMMA = YES;
				CLANG_WARN_CONSTANT_CONVERSION = YES;
				CLANG_WARN_DEPRECATED_OBJC_IMPLEMENTATIONS = YES;
				CLANG_WARN_DIRECT_OBJC_ISA_USAGE = YES_ERROR;
				CLANG_WARN_DOCUMENTATION_COMMENTS = YES;
				CLANG_WARN_EMPTY_BODY = YES;
				CLANG_WARN_ENUM_CONVERSION = YES;
				CLANG_WARN_INFINITE_RECURSION = YES;
				CLANG_WARN_INT_CONVERSION = YES;
				CLANG_WARN_NON_LITERAL_NULL_CONVERSION = YES;
				CLANG_WARN_OBJC_IMPLICIT_RETAIN_SELF = YES;
				CLANG_WARN_OBJC_LITERAL_CONVERSION = YES;
				CLANG_WARN_OBJC_ROOT_CLASS = YES_ERROR;
				CLANG_WARN_RANGE_LOOP_ANALYSIS = YES;
				CLANG_WARN_STRICT_PROTOTYPES = YES;
				CLANG_WARN_SUSPICIOUS_MOVE = YES;
				CLANG_WARN_UNGUARDED_AVAILABILITY = YES_AGGRESSIVE;
				CLANG_WARN_UNREACHABLE_CODE = YES;
				CLANG_WARN__DUPLICATE_METHOD_MATCH = YES;
				COPY_PHASE_STRIP = NO;
				DEBUG_INFORMATION_FORMAT = "dwarf-with-dsym";
				ENABLE_NS_ASSERTIONS = NO;
				ENABLE_STRICT_OBJC_MSGSEND = YES;
				GCC_C_LANGUAGE_STANDARD = gnu11;
				GCC_NO_COMMON_BLOCKS = YES;
				GCC_WARN_64_TO_32_BIT_CONVERSION = YES;
				GCC_WARN_ABOUT_RETURN_TYPE = YES_ERROR;
				GCC_WARN_UNDECLARED_SELECTOR = YES;
				GCC_WARN_UNINITIALIZED_AUTOS = YES_AGGRESSIVE;
				GCC_WARN_UNUSED_FUNCTION = YES;
				GCC_WARN_UNUSED_VARIABLE = YES;
				IPHONEOS_DEPLOYMENT_TARGET = 13.5;
				MTL_ENABLE_DEBUG_INFO = NO;
				MTL_FAST_MATH = YES;
				SDKROOT = iphoneos;
				SWIFT_COMPILATION_MODE = wholemodule;
				SWIFT_OPTIMIZATION_LEVEL = "-O";
				VALIDATE_PRODUCT = YES;
			};
			name = Release;
		};
		55614D7E24A522180041EA26 /* Debug */ = {
			isa = XCBuildConfiguration;
			buildSettings = {
				ASSETCATALOG_COMPILER_APPICON_NAME = AppIcon;
				CODE_SIGN_STYLE = Automatic;
				DEVELOPMENT_ASSET_PATHS = "\"SetCardGame/Preview Content\"";
				DEVELOPMENT_TEAM = 79BF9G6956;
				ENABLE_PREVIEWS = YES;
				INFOPLIST_FILE = SetCardGame/Info.plist;
				LD_RUNPATH_SEARCH_PATHS = (
					"$(inherited)",
					"@executable_path/Frameworks",
				);
				PRODUCT_BUNDLE_IDENTIFIER = net.richimages.SetCardGame;
				PRODUCT_NAME = "$(TARGET_NAME)";
				SWIFT_VERSION = 5.0;
				TARGETED_DEVICE_FAMILY = "1,2";
			};
			name = Debug;
		};
		55614D7F24A522180041EA26 /* Release */ = {
			isa = XCBuildConfiguration;
			buildSettings = {
				ASSETCATALOG_COMPILER_APPICON_NAME = AppIcon;
				CODE_SIGN_STYLE = Automatic;
				DEVELOPMENT_ASSET_PATHS = "\"SetCardGame/Preview Content\"";
				DEVELOPMENT_TEAM = 79BF9G6956;
				ENABLE_PREVIEWS = YES;
				INFOPLIST_FILE = SetCardGame/Info.plist;
				LD_RUNPATH_SEARCH_PATHS = (
					"$(inherited)",
					"@executable_path/Frameworks",
				);
				PRODUCT_BUNDLE_IDENTIFIER = net.richimages.SetCardGame;
				PRODUCT_NAME = "$(TARGET_NAME)";
				SWIFT_VERSION = 5.0;
				TARGETED_DEVICE_FAMILY = "1,2";
			};
			name = Release;
		};
/* End XCBuildConfiguration section */

/* Begin XCConfigurationList section */
		55614D6424A522170041EA26 /* Build configuration list for PBXProject "SetCardGame" */ = {
			isa = XCConfigurationList;
			buildConfigurations = (
				55614D7B24A522180041EA26 /* Debug */,
				55614D7C24A522180041EA26 /* Release */,
			);
			defaultConfigurationIsVisible = 0;
			defaultConfigurationName = Release;
		};
		55614D7D24A522180041EA26 /* Build configuration list for PBXNativeTarget "SetCardGame" */ = {
			isa = XCConfigurationList;
			buildConfigurations = (
				55614D7E24A522180041EA26 /* Debug */,
				55614D7F24A522180041EA26 /* Release */,
			);
			defaultConfigurationIsVisible = 0;
			defaultConfigurationName = Release;
		};
/* End XCConfigurationList section */
	};
	rootObject = 55614D6124A522170041EA26 /* Project object */;
}
